// !$*UTF8*$!
{
	archiveVersion = 1;
	classes = {
	};
	objectVersion = 56;
	objects = {

/* Begin PBXBuildFile section */
		331089902B679FDB0000ECED /* DownloadWithCombine.swift in Sources */ = {isa = PBXBuildFile; fileRef = 3310898F2B679FDB0000ECED /* DownloadWithCombine.swift */; };
		331595B92B6794FD00E8BF50 /* WeakSelf.swift in Sources */ = {isa = PBXBuildFile; fileRef = 331595B82B6794FD00E8BF50 /* WeakSelf.swift */; };
		3348A2B52B5FD0C900AA7545 /* PlaygroundApp.swift in Sources */ = {isa = PBXBuildFile; fileRef = 3348A2B42B5FD0C900AA7545 /* PlaygroundApp.swift */; };
		3348A2B72B5FD0C900AA7545 /* EscapingClosure.swift in Sources */ = {isa = PBXBuildFile; fileRef = 3348A2B62B5FD0C900AA7545 /* EscapingClosure.swift */; };
		3348A2B92B5FD0CA00AA7545 /* Assets.xcassets in Resources */ = {isa = PBXBuildFile; fileRef = 3348A2B82B5FD0CA00AA7545 /* Assets.xcassets */; };
		3348A2BC2B5FD0CA00AA7545 /* Preview Assets.xcassets in Resources */ = {isa = PBXBuildFile; fileRef = 3348A2BB2B5FD0CA00AA7545 /* Preview Assets.xcassets */; };
		3348A2C32B61FA8C00AA7545 /* Codable.swift in Sources */ = {isa = PBXBuildFile; fileRef = 3348A2C22B61FA8C00AA7545 /* Codable.swift */; };
		337CA6D12B8349CB0043FF04 /* LocalFileManager.swift in Sources */ = {isa = PBXBuildFile; fileRef = 337CA6D02B8349CB0043FF04 /* LocalFileManager.swift */; };
		337CA6D32B8362B00043FF04 /* SwiftUICache.swift in Sources */ = {isa = PBXBuildFile; fileRef = 337CA6D22B8362B00043FF04 /* SwiftUICache.swift */; };
		337CA6DA2B847B8D0043FF04 /* DownloadingImages.swift in Sources */ = {isa = PBXBuildFile; fileRef = 337CA6D92B847B8D0043FF04 /* DownloadingImages.swift */; };
		337CA6DC2B8481FD0043FF04 /* PhotoModel.swift in Sources */ = {isa = PBXBuildFile; fileRef = 337CA6DB2B8481FD0043FF04 /* PhotoModel.swift */; };
		337CA6DE2B8482700043FF04 /* DownloadingImagesViewModel.swift in Sources */ = {isa = PBXBuildFile; fileRef = 337CA6DD2B8482700043FF04 /* DownloadingImagesViewModel.swift */; };
		337CA6E02B84831D0043FF04 /* PhotoModelDataService.swift in Sources */ = {isa = PBXBuildFile; fileRef = 337CA6DF2B84831D0043FF04 /* PhotoModelDataService.swift */; };
		337CA6E22B8488210043FF04 /* DownloadingImagesRow.swift in Sources */ = {isa = PBXBuildFile; fileRef = 337CA6E12B8488210043FF04 /* DownloadingImagesRow.swift */; };
		337CA6E42B8488CC0043FF04 /* DownloadingImageView.swift in Sources */ = {isa = PBXBuildFile; fileRef = 337CA6E32B8488CC0043FF04 /* DownloadingImageView.swift */; };
		337CA6E62B84893B0043FF04 /* ImageLoadingViewModel.swift in Sources */ = {isa = PBXBuildFile; fileRef = 337CA6E52B84893B0043FF04 /* ImageLoadingViewModel.swift */; };
		337CA6E82B848DEA0043FF04 /* PhotoModelCacheManager.swift in Sources */ = {isa = PBXBuildFile; fileRef = 337CA6E72B848DEA0043FF04 /* PhotoModelCacheManager.swift */; };
		337CA6EA2B84905D0043FF04 /* PhotoModelFileManager.swift in Sources */ = {isa = PBXBuildFile; fileRef = 337CA6E92B84905D0043FF04 /* PhotoModelFileManager.swift */; };
		337CA6FF2B85BCC30043FF04 /* ScrollViewReaderPractice.swift in Sources */ = {isa = PBXBuildFile; fileRef = 337CA6FE2B85BCC30043FF04 /* ScrollViewReaderPractice.swift */; };
		337CA7012B85C0B50043FF04 /* GeometryReaderPractice.swift in Sources */ = {isa = PBXBuildFile; fileRef = 337CA7002B85C0B50043FF04 /* GeometryReaderPractice.swift */; };
		3388F1442B85D57300D512B0 /* MultipleSheetIssue.swift in Sources */ = {isa = PBXBuildFile; fileRef = 3388F1432B85D57300D512B0 /* MultipleSheetIssue.swift */; };
		33907BEB2B63817300C02559 /* DownloadWithEscaping.swift in Sources */ = {isa = PBXBuildFile; fileRef = 33907BEA2B63817300C02559 /* DownloadWithEscaping.swift */; };
		33EF9C562B6B936D002E2151 /* AnimationTiming.swift in Sources */ = {isa = PBXBuildFile; fileRef = 33EF9C552B6B936D002E2151 /* AnimationTiming.swift */; };
		33EF9C582B6B996C002E2151 /* TransitionView.swift in Sources */ = {isa = PBXBuildFile; fileRef = 33EF9C572B6B996C002E2151 /* TransitionView.swift */; };
		33F201AC2B6772DE00ABCC95 /* BackgroundThread.swift in Sources */ = {isa = PBXBuildFile; fileRef = 33F201AB2B6772DE00ABCC95 /* BackgroundThread.swift */; };
		961384182B68C409008C1935 /* Subscriber_Publisher.swift in Sources */ = {isa = PBXBuildFile; fileRef = 961384172B68C409008C1935 /* Subscriber_Publisher.swift */; };
		9613841B2B68FD46008C1935 /* LongPressGesture.swift in Sources */ = {isa = PBXBuildFile; fileRef = 9613841A2B68FD46008C1935 /* LongPressGesture.swift */; };
		9613841D2B690977008C1935 /* MagnifyGestureView.swift in Sources */ = {isa = PBXBuildFile; fileRef = 9613841C2B690977008C1935 /* MagnifyGestureView.swift */; };
		96155EC82B6B38FB00681441 /* RotationGesture.swift in Sources */ = {isa = PBXBuildFile; fileRef = 96155EC72B6B38FB00681441 /* RotationGesture.swift */; };
		96155ECA2B6B3BF200681441 /* DragGestureView.swift in Sources */ = {isa = PBXBuildFile; fileRef = 96155EC92B6B3BF200681441 /* DragGestureView.swift */; };
		96155ECC2B6B416500681441 /* DragGestureView2.swift in Sources */ = {isa = PBXBuildFile; fileRef = 96155ECB2B6B416500681441 /* DragGestureView2.swift */; };
		96155ECF2B6B74A700681441 /* AnimationView.swift in Sources */ = {isa = PBXBuildFile; fileRef = 96155ECE2B6B74A700681441 /* AnimationView.swift */; };
		96B7B0FC2B67FAAA00ED3901 /* TimerView.swift in Sources */ = {isa = PBXBuildFile; fileRef = 96B7B0FB2B67FAAA00ED3901 /* TimerView.swift */; };
/* End PBXBuildFile section */

/* Begin PBXFileReference section */
		3310898F2B679FDB0000ECED /* DownloadWithCombine.swift */ = {isa = PBXFileReference; lastKnownFileType = sourcecode.swift; path = DownloadWithCombine.swift; sourceTree = "<group>"; };
		331595B82B6794FD00E8BF50 /* WeakSelf.swift */ = {isa = PBXFileReference; fileEncoding = 4; lastKnownFileType = sourcecode.swift; path = WeakSelf.swift; sourceTree = "<group>"; };
		3348A2B12B5FD0C900AA7545 /* Playground.app */ = {isa = PBXFileReference; explicitFileType = wrapper.application; includeInIndex = 0; path = Playground.app; sourceTree = BUILT_PRODUCTS_DIR; };
		3348A2B42B5FD0C900AA7545 /* PlaygroundApp.swift */ = {isa = PBXFileReference; lastKnownFileType = sourcecode.swift; path = PlaygroundApp.swift; sourceTree = "<group>"; };
		3348A2B62B5FD0C900AA7545 /* EscapingClosure.swift */ = {isa = PBXFileReference; lastKnownFileType = sourcecode.swift; path = EscapingClosure.swift; sourceTree = "<group>"; };
		3348A2B82B5FD0CA00AA7545 /* Assets.xcassets */ = {isa = PBXFileReference; lastKnownFileType = folder.assetcatalog; path = Assets.xcassets; sourceTree = "<group>"; };
		3348A2BB2B5FD0CA00AA7545 /* Preview Assets.xcassets */ = {isa = PBXFileReference; lastKnownFileType = folder.assetcatalog; path = "Preview Assets.xcassets"; sourceTree = "<group>"; };
		3348A2C22B61FA8C00AA7545 /* Codable.swift */ = {isa = PBXFileReference; lastKnownFileType = sourcecode.swift; path = Codable.swift; sourceTree = "<group>"; };
		337CA6D02B8349CB0043FF04 /* LocalFileManager.swift */ = {isa = PBXFileReference; lastKnownFileType = sourcecode.swift; path = LocalFileManager.swift; sourceTree = "<group>"; };
		337CA6D22B8362B00043FF04 /* SwiftUICache.swift */ = {isa = PBXFileReference; lastKnownFileType = sourcecode.swift; path = SwiftUICache.swift; sourceTree = "<group>"; };
		337CA6D92B847B8D0043FF04 /* DownloadingImages.swift */ = {isa = PBXFileReference; lastKnownFileType = sourcecode.swift; path = DownloadingImages.swift; sourceTree = "<group>"; };
		337CA6DB2B8481FD0043FF04 /* PhotoModel.swift */ = {isa = PBXFileReference; lastKnownFileType = sourcecode.swift; path = PhotoModel.swift; sourceTree = "<group>"; };
		337CA6DD2B8482700043FF04 /* DownloadingImagesViewModel.swift */ = {isa = PBXFileReference; lastKnownFileType = sourcecode.swift; path = DownloadingImagesViewModel.swift; sourceTree = "<group>"; };
		337CA6DF2B84831D0043FF04 /* PhotoModelDataService.swift */ = {isa = PBXFileReference; lastKnownFileType = sourcecode.swift; path = PhotoModelDataService.swift; sourceTree = "<group>"; };
		337CA6E12B8488210043FF04 /* DownloadingImagesRow.swift */ = {isa = PBXFileReference; lastKnownFileType = sourcecode.swift; path = DownloadingImagesRow.swift; sourceTree = "<group>"; };
		337CA6E32B8488CC0043FF04 /* DownloadingImageView.swift */ = {isa = PBXFileReference; lastKnownFileType = sourcecode.swift; path = DownloadingImageView.swift; sourceTree = "<group>"; };
		337CA6E52B84893B0043FF04 /* ImageLoadingViewModel.swift */ = {isa = PBXFileReference; lastKnownFileType = sourcecode.swift; path = ImageLoadingViewModel.swift; sourceTree = "<group>"; };
		337CA6E72B848DEA0043FF04 /* PhotoModelCacheManager.swift */ = {isa = PBXFileReference; lastKnownFileType = sourcecode.swift; path = PhotoModelCacheManager.swift; sourceTree = "<group>"; };
		337CA6E92B84905D0043FF04 /* PhotoModelFileManager.swift */ = {isa = PBXFileReference; lastKnownFileType = sourcecode.swift; path = PhotoModelFileManager.swift; sourceTree = "<group>"; };
		337CA6FE2B85BCC30043FF04 /* ScrollViewReaderPractice.swift */ = {isa = PBXFileReference; lastKnownFileType = sourcecode.swift; path = ScrollViewReaderPractice.swift; sourceTree = "<group>"; };
		337CA7002B85C0B50043FF04 /* GeometryReaderPractice.swift */ = {isa = PBXFileReference; lastKnownFileType = sourcecode.swift; path = GeometryReaderPractice.swift; sourceTree = "<group>"; };
		3388F1432B85D57300D512B0 /* MultipleSheetIssue.swift */ = {isa = PBXFileReference; lastKnownFileType = sourcecode.swift; path = MultipleSheetIssue.swift; sourceTree = "<group>"; };
		33907BEA2B63817300C02559 /* DownloadWithEscaping.swift */ = {isa = PBXFileReference; lastKnownFileType = sourcecode.swift; path = DownloadWithEscaping.swift; sourceTree = "<group>"; };
		33EF9C552B6B936D002E2151 /* AnimationTiming.swift */ = {isa = PBXFileReference; lastKnownFileType = sourcecode.swift; path = AnimationTiming.swift; sourceTree = "<group>"; };
		33EF9C572B6B996C002E2151 /* TransitionView.swift */ = {isa = PBXFileReference; lastKnownFileType = sourcecode.swift; path = TransitionView.swift; sourceTree = "<group>"; };
		33F201AB2B6772DE00ABCC95 /* BackgroundThread.swift */ = {isa = PBXFileReference; fileEncoding = 4; lastKnownFileType = sourcecode.swift; path = BackgroundThread.swift; sourceTree = "<group>"; };
		961384172B68C409008C1935 /* Subscriber_Publisher.swift */ = {isa = PBXFileReference; lastKnownFileType = sourcecode.swift; path = Subscriber_Publisher.swift; sourceTree = "<group>"; };
		9613841A2B68FD46008C1935 /* LongPressGesture.swift */ = {isa = PBXFileReference; lastKnownFileType = sourcecode.swift; path = LongPressGesture.swift; sourceTree = "<group>"; };
		9613841C2B690977008C1935 /* MagnifyGestureView.swift */ = {isa = PBXFileReference; lastKnownFileType = sourcecode.swift; path = MagnifyGestureView.swift; sourceTree = "<group>"; };
		96155EC72B6B38FB00681441 /* RotationGesture.swift */ = {isa = PBXFileReference; lastKnownFileType = sourcecode.swift; path = RotationGesture.swift; sourceTree = "<group>"; };
		96155EC92B6B3BF200681441 /* DragGestureView.swift */ = {isa = PBXFileReference; lastKnownFileType = sourcecode.swift; path = DragGestureView.swift; sourceTree = "<group>"; };
		96155ECB2B6B416500681441 /* DragGestureView2.swift */ = {isa = PBXFileReference; lastKnownFileType = sourcecode.swift; path = DragGestureView2.swift; sourceTree = "<group>"; };
		96155ECE2B6B74A700681441 /* AnimationView.swift */ = {isa = PBXFileReference; lastKnownFileType = sourcecode.swift; path = AnimationView.swift; sourceTree = "<group>"; };
		96B7B0FB2B67FAAA00ED3901 /* TimerView.swift */ = {isa = PBXFileReference; lastKnownFileType = sourcecode.swift; path = TimerView.swift; sourceTree = "<group>"; };
/* End PBXFileReference section */

/* Begin PBXFrameworksBuildPhase section */
		3348A2AE2B5FD0C900AA7545 /* Frameworks */ = {
			isa = PBXFrameworksBuildPhase;
			buildActionMask = 2147483647;
			files = (
			);
			runOnlyForDeploymentPostprocessing = 0;
		};
/* End PBXFrameworksBuildPhase section */

/* Begin PBXGroup section */
		3348A2A82B5FD0C900AA7545 = {
			isa = PBXGroup;
			children = (
				3348A2B32B5FD0C900AA7545 /* Playground */,
				3348A2B22B5FD0C900AA7545 /* Products */,
			);
			sourceTree = "<group>";
		};
		3348A2B22B5FD0C900AA7545 /* Products */ = {
			isa = PBXGroup;
			children = (
				3348A2B12B5FD0C900AA7545 /* Playground.app */,
			);
			name = Products;
			sourceTree = "<group>";
		};
		3348A2B32B5FD0C900AA7545 /* Playground */ = {
			isa = PBXGroup;
			children = (
				3348A2B42B5FD0C900AA7545 /* PlaygroundApp.swift */,
				961384192B68FD2D008C1935 /* Gesture */,
				96155ECD2B6B749000681441 /* Animation */,
				337CA7002B85C0B50043FF04 /* GeometryReaderPractice.swift */,
				3388F1432B85D57300D512B0 /* MultipleSheetIssue.swift */,
				337CA6FD2B85BCA00043FF04 /* DownloadingData */,
				337CA6D42B847B280043FF04 /* DownloadingImages */,
				3348A2B82B5FD0CA00AA7545 /* Assets.xcassets */,
				3348A2BA2B5FD0CA00AA7545 /* Preview Content */,
			);
			path = Playground;
			sourceTree = "<group>";
		};
		3348A2BA2B5FD0CA00AA7545 /* Preview Content */ = {
			isa = PBXGroup;
			children = (
				3348A2BB2B5FD0CA00AA7545 /* Preview Assets.xcassets */,
			);
			path = "Preview Content";
			sourceTree = "<group>";
		};
		337CA6D42B847B280043FF04 /* DownloadingImages */ = {
			isa = PBXGroup;
			children = (
				337CA6D82B847B6C0043FF04 /* Utilities */,
				337CA6D52B847B4A0043FF04 /* Models */,
				337CA6D72B847B590043FF04 /* ViewModels */,
				337CA6D62B847B540043FF04 /* Views */,
			);
			path = DownloadingImages;
			sourceTree = "<group>";
		};
		337CA6D52B847B4A0043FF04 /* Models */ = {
			isa = PBXGroup;
			children = (
				337CA6DB2B8481FD0043FF04 /* PhotoModel.swift */,
			);
			path = Models;
			sourceTree = "<group>";
		};
		337CA6D62B847B540043FF04 /* Views */ = {
			isa = PBXGroup;
			children = (
				337CA6D92B847B8D0043FF04 /* DownloadingImages.swift */,
				337CA6E12B8488210043FF04 /* DownloadingImagesRow.swift */,
				337CA6E32B8488CC0043FF04 /* DownloadingImageView.swift */,
			);
			path = Views;
			sourceTree = "<group>";
		};
		337CA6D72B847B590043FF04 /* ViewModels */ = {
			isa = PBXGroup;
			children = (
				337CA6DD2B8482700043FF04 /* DownloadingImagesViewModel.swift */,
				337CA6E52B84893B0043FF04 /* ImageLoadingViewModel.swift */,
			);
			path = ViewModels;
			sourceTree = "<group>";
		};
		337CA6D82B847B6C0043FF04 /* Utilities */ = {
			isa = PBXGroup;
			children = (
				337CA6DF2B84831D0043FF04 /* PhotoModelDataService.swift */,
				337CA6E72B848DEA0043FF04 /* PhotoModelCacheManager.swift */,
				337CA6E92B84905D0043FF04 /* PhotoModelFileManager.swift */,
			);
			path = Utilities;
			sourceTree = "<group>";
		};
		337CA6FD2B85BCA00043FF04 /* DownloadingData */ = {
			isa = PBXGroup;
			children = (
				337CA6D02B8349CB0043FF04 /* LocalFileManager.swift */,
				337CA6D22B8362B00043FF04 /* SwiftUICache.swift */,
				3348A2B62B5FD0C900AA7545 /* EscapingClosure.swift */,
				3348A2C22B61FA8C00AA7545 /* Codable.swift */,
				33907BEA2B63817300C02559 /* DownloadWithEscaping.swift */,
				33F201AB2B6772DE00ABCC95 /* BackgroundThread.swift */,
				331595B82B6794FD00E8BF50 /* WeakSelf.swift */,
				3310898F2B679FDB0000ECED /* DownloadWithCombine.swift */,
				96B7B0FB2B67FAAA00ED3901 /* TimerView.swift */,
				961384172B68C409008C1935 /* Subscriber_Publisher.swift */,
			);
			path = DownloadingData;
			sourceTree = "<group>";
		};
		961384192B68FD2D008C1935 /* Gesture */ = {
			isa = PBXGroup;
			children = (
				9613841A2B68FD46008C1935 /* LongPressGesture.swift */,
				9613841C2B690977008C1935 /* MagnifyGestureView.swift */,
				96155EC72B6B38FB00681441 /* RotationGesture.swift */,
				96155EC92B6B3BF200681441 /* DragGestureView.swift */,
				96155ECB2B6B416500681441 /* DragGestureView2.swift */,
			);
			path = Gesture;
			sourceTree = "<group>";
		};
		96155ECD2B6B749000681441 /* Animation */ = {
			isa = PBXGroup;
			children = (
				337CA6FE2B85BCC30043FF04 /* ScrollViewReaderPractice.swift */,
				96155ECE2B6B74A700681441 /* AnimationView.swift */,
				33EF9C552B6B936D002E2151 /* AnimationTiming.swift */,
				33EF9C572B6B996C002E2151 /* TransitionView.swift */,
			);
			path = Animation;
			sourceTree = "<group>";
		};
/* End PBXGroup section */

/* Begin PBXNativeTarget section */
		3348A2B02B5FD0C900AA7545 /* Playground */ = {
			isa = PBXNativeTarget;
			buildConfigurationList = 3348A2BF2B5FD0CA00AA7545 /* Build configuration list for PBXNativeTarget "Playground" */;
			buildPhases = (
				3348A2AD2B5FD0C900AA7545 /* Sources */,
				3348A2AE2B5FD0C900AA7545 /* Frameworks */,
				3348A2AF2B5FD0C900AA7545 /* Resources */,
			);
			buildRules = (
			);
			dependencies = (
			);
			name = Playground;
			productName = Playground;
			productReference = 3348A2B12B5FD0C900AA7545 /* Playground.app */;
			productType = "com.apple.product-type.application";
		};
/* End PBXNativeTarget section */

/* Begin PBXProject section */
		3348A2A92B5FD0C900AA7545 /* Project object */ = {
			isa = PBXProject;
			attributes = {
				BuildIndependentTargetsInParallel = 1;
				LastSwiftUpdateCheck = 1520;
				LastUpgradeCheck = 1520;
				TargetAttributes = {
					3348A2B02B5FD0C900AA7545 = {
						CreatedOnToolsVersion = 15.2;
					};
				};
			};
			buildConfigurationList = 3348A2AC2B5FD0C900AA7545 /* Build configuration list for PBXProject "Playground" */;
			compatibilityVersion = "Xcode 14.0";
			developmentRegion = en;
			hasScannedForEncodings = 0;
			knownRegions = (
				en,
				Base,
			);
			mainGroup = 3348A2A82B5FD0C900AA7545;
			productRefGroup = 3348A2B22B5FD0C900AA7545 /* Products */;
			projectDirPath = "";
			projectRoot = "";
			targets = (
				3348A2B02B5FD0C900AA7545 /* Playground */,
			);
		};
/* End PBXProject section */

/* Begin PBXResourcesBuildPhase section */
		3348A2AF2B5FD0C900AA7545 /* Resources */ = {
			isa = PBXResourcesBuildPhase;
			buildActionMask = 2147483647;
			files = (
				3348A2BC2B5FD0CA00AA7545 /* Preview Assets.xcassets in Resources */,
				3348A2B92B5FD0CA00AA7545 /* Assets.xcassets in Resources */,
			);
			runOnlyForDeploymentPostprocessing = 0;
		};
/* End PBXResourcesBuildPhase section */

/* Begin PBXSourcesBuildPhase section */
		3348A2AD2B5FD0C900AA7545 /* Sources */ = {
			isa = PBXSourcesBuildPhase;
			buildActionMask = 2147483647;
			files = (
				33EF9C582B6B996C002E2151 /* TransitionView.swift in Sources */,
				961384182B68C409008C1935 /* Subscriber_Publisher.swift in Sources */,
				3348A2B72B5FD0C900AA7545 /* EscapingClosure.swift in Sources */,
				337CA6E62B84893B0043FF04 /* ImageLoadingViewModel.swift in Sources */,
				331089902B679FDB0000ECED /* DownloadWithCombine.swift in Sources */,
				96155ECA2B6B3BF200681441 /* DragGestureView.swift in Sources */,
				9613841B2B68FD46008C1935 /* LongPressGesture.swift in Sources */,
				337CA6E82B848DEA0043FF04 /* PhotoModelCacheManager.swift in Sources */,
				3388F1442B85D57300D512B0 /* MultipleSheetIssue.swift in Sources */,
				331595B92B6794FD00E8BF50 /* WeakSelf.swift in Sources */,
				96155ECF2B6B74A700681441 /* AnimationView.swift in Sources */,
				33F201AC2B6772DE00ABCC95 /* BackgroundThread.swift in Sources */,
				33EF9C562B6B936D002E2151 /* AnimationTiming.swift in Sources */,
				337CA6DA2B847B8D0043FF04 /* DownloadingImages.swift in Sources */,
				3348A2C32B61FA8C00AA7545 /* Codable.swift in Sources */,
				337CA6D32B8362B00043FF04 /* SwiftUICache.swift in Sources */,
				337CA6D12B8349CB0043FF04 /* LocalFileManager.swift in Sources */,
				96155EC82B6B38FB00681441 /* RotationGesture.swift in Sources */,
				3348A2B52B5FD0C900AA7545 /* PlaygroundApp.swift in Sources */,
				337CA6DE2B8482700043FF04 /* DownloadingImagesViewModel.swift in Sources */,
				337CA6E22B8488210043FF04 /* DownloadingImagesRow.swift in Sources */,
				337CA6EA2B84905D0043FF04 /* PhotoModelFileManager.swift in Sources */,
				33907BEB2B63817300C02559 /* DownloadWithEscaping.swift in Sources */,
				337CA6E02B84831D0043FF04 /* PhotoModelDataService.swift in Sources */,
				96155ECC2B6B416500681441 /* DragGestureView2.swift in Sources */,
				337CA6DC2B8481FD0043FF04 /* PhotoModel.swift in Sources */,
				337CA6FF2B85BCC30043FF04 /* ScrollViewReaderPractice.swift in Sources */,
				96B7B0FC2B67FAAA00ED3901 /* TimerView.swift in Sources */,
				9613841D2B690977008C1935 /* MagnifyGestureView.swift in Sources */,
				337CA6E42B8488CC0043FF04 /* DownloadingImageView.swift in Sources */,
				337CA7012B85C0B50043FF04 /* GeometryReaderPractice.swift in Sources */,
			);
			runOnlyForDeploymentPostprocessing = 0;
		};
/* End PBXSourcesBuildPhase section */

/* Begin XCBuildConfiguration section */
		3348A2BD2B5FD0CA00AA7545 /* Debug */ = {
			isa = XCBuildConfiguration;
			buildSettings = {
				ALWAYS_SEARCH_USER_PATHS = NO;
				ASSETCATALOG_COMPILER_GENERATE_SWIFT_ASSET_SYMBOL_EXTENSIONS = YES;
				CLANG_ANALYZER_NONNULL = YES;
				CLANG_ANALYZER_NUMBER_OBJECT_CONVERSION = YES_AGGRESSIVE;
				CLANG_CXX_LANGUAGE_STANDARD = "gnu++20";
				CLANG_ENABLE_MODULES = YES;
				CLANG_ENABLE_OBJC_ARC = YES;
				CLANG_ENABLE_OBJC_WEAK = YES;
				CLANG_WARN_BLOCK_CAPTURE_AUTORELEASING = YES;
				CLANG_WARN_BOOL_CONVERSION = YES;
				CLANG_WARN_COMMA = YES;
				CLANG_WARN_CONSTANT_CONVERSION = YES;
				CLANG_WARN_DEPRECATED_OBJC_IMPLEMENTATIONS = YES;
				CLANG_WARN_DIRECT_OBJC_ISA_USAGE = YES_ERROR;
				CLANG_WARN_DOCUMENTATION_COMMENTS = YES;
				CLANG_WARN_EMPTY_BODY = YES;
				CLANG_WARN_ENUM_CONVERSION = YES;
				CLANG_WARN_INFINITE_RECURSION = YES;
				CLANG_WARN_INT_CONVERSION = YES;
				CLANG_WARN_NON_LITERAL_NULL_CONVERSION = YES;
				CLANG_WARN_OBJC_IMPLICIT_RETAIN_SELF = YES;
				CLANG_WARN_OBJC_LITERAL_CONVERSION = YES;
				CLANG_WARN_OBJC_ROOT_CLASS = YES_ERROR;
				CLANG_WARN_QUOTED_INCLUDE_IN_FRAMEWORK_HEADER = YES;
				CLANG_WARN_RANGE_LOOP_ANALYSIS = YES;
				CLANG_WARN_STRICT_PROTOTYPES = YES;
				CLANG_WARN_SUSPICIOUS_MOVE = YES;
				CLANG_WARN_UNGUARDED_AVAILABILITY = YES_AGGRESSIVE;
				CLANG_WARN_UNREACHABLE_CODE = YES;
				CLANG_WARN__DUPLICATE_METHOD_MATCH = YES;
				COPY_PHASE_STRIP = NO;
				DEBUG_INFORMATION_FORMAT = dwarf;
				ENABLE_STRICT_OBJC_MSGSEND = YES;
				ENABLE_TESTABILITY = YES;
				ENABLE_USER_SCRIPT_SANDBOXING = YES;
				GCC_C_LANGUAGE_STANDARD = gnu17;
				GCC_DYNAMIC_NO_PIC = NO;
				GCC_NO_COMMON_BLOCKS = YES;
				GCC_OPTIMIZATION_LEVEL = 0;
				GCC_PREPROCESSOR_DEFINITIONS = (
					"DEBUG=1",
					"$(inherited)",
				);
				GCC_WARN_64_TO_32_BIT_CONVERSION = YES;
				GCC_WARN_ABOUT_RETURN_TYPE = YES_ERROR;
				GCC_WARN_UNDECLARED_SELECTOR = YES;
				GCC_WARN_UNINITIALIZED_AUTOS = YES_AGGRESSIVE;
				GCC_WARN_UNUSED_FUNCTION = YES;
				GCC_WARN_UNUSED_VARIABLE = YES;
				IPHONEOS_DEPLOYMENT_TARGET = 17.2;
				LOCALIZATION_PREFERS_STRING_CATALOGS = YES;
				MTL_ENABLE_DEBUG_INFO = INCLUDE_SOURCE;
				MTL_FAST_MATH = YES;
				ONLY_ACTIVE_ARCH = YES;
				SDKROOT = iphoneos;
				SWIFT_ACTIVE_COMPILATION_CONDITIONS = "DEBUG $(inherited)";
				SWIFT_OPTIMIZATION_LEVEL = "-Onone";
			};
			name = Debug;
		};
		3348A2BE2B5FD0CA00AA7545 /* Release */ = {
			isa = XCBuildConfiguration;
			buildSettings = {
				ALWAYS_SEARCH_USER_PATHS = NO;
				ASSETCATALOG_COMPILER_GENERATE_SWIFT_ASSET_SYMBOL_EXTENSIONS = YES;
				CLANG_ANALYZER_NONNULL = YES;
				CLANG_ANALYZER_NUMBER_OBJECT_CONVERSION = YES_AGGRESSIVE;
				CLANG_CXX_LANGUAGE_STANDARD = "gnu++20";
				CLANG_ENABLE_MODULES = YES;
				CLANG_ENABLE_OBJC_ARC = YES;
				CLANG_ENABLE_OBJC_WEAK = YES;
				CLANG_WARN_BLOCK_CAPTURE_AUTORELEASING = YES;
				CLANG_WARN_BOOL_CONVERSION = YES;
				CLANG_WARN_COMMA = YES;
				CLANG_WARN_CONSTANT_CONVERSION = YES;
				CLANG_WARN_DEPRECATED_OBJC_IMPLEMENTATIONS = YES;
				CLANG_WARN_DIRECT_OBJC_ISA_USAGE = YES_ERROR;
				CLANG_WARN_DOCUMENTATION_COMMENTS = YES;
				CLANG_WARN_EMPTY_BODY = YES;
				CLANG_WARN_ENUM_CONVERSION = YES;
				CLANG_WARN_INFINITE_RECURSION = YES;
				CLANG_WARN_INT_CONVERSION = YES;
				CLANG_WARN_NON_LITERAL_NULL_CONVERSION = YES;
				CLANG_WARN_OBJC_IMPLICIT_RETAIN_SELF = YES;
				CLANG_WARN_OBJC_LITERAL_CONVERSION = YES;
				CLANG_WARN_OBJC_ROOT_CLASS = YES_ERROR;
				CLANG_WARN_QUOTED_INCLUDE_IN_FRAMEWORK_HEADER = YES;
				CLANG_WARN_RANGE_LOOP_ANALYSIS = YES;
				CLANG_WARN_STRICT_PROTOTYPES = YES;
				CLANG_WARN_SUSPICIOUS_MOVE = YES;
				CLANG_WARN_UNGUARDED_AVAILABILITY = YES_AGGRESSIVE;
				CLANG_WARN_UNREACHABLE_CODE = YES;
				CLANG_WARN__DUPLICATE_METHOD_MATCH = YES;
				COPY_PHASE_STRIP = NO;
				DEBUG_INFORMATION_FORMAT = "dwarf-with-dsym";
				ENABLE_NS_ASSERTIONS = NO;
				ENABLE_STRICT_OBJC_MSGSEND = YES;
				ENABLE_USER_SCRIPT_SANDBOXING = YES;
				GCC_C_LANGUAGE_STANDARD = gnu17;
				GCC_NO_COMMON_BLOCKS = YES;
				GCC_WARN_64_TO_32_BIT_CONVERSION = YES;
				GCC_WARN_ABOUT_RETURN_TYPE = YES_ERROR;
				GCC_WARN_UNDECLARED_SELECTOR = YES;
				GCC_WARN_UNINITIALIZED_AUTOS = YES_AGGRESSIVE;
				GCC_WARN_UNUSED_FUNCTION = YES;
				GCC_WARN_UNUSED_VARIABLE = YES;
				IPHONEOS_DEPLOYMENT_TARGET = 17.2;
				LOCALIZATION_PREFERS_STRING_CATALOGS = YES;
				MTL_ENABLE_DEBUG_INFO = NO;
				MTL_FAST_MATH = YES;
				SDKROOT = iphoneos;
				SWIFT_COMPILATION_MODE = wholemodule;
				VALIDATE_PRODUCT = YES;
			};
			name = Release;
		};
		3348A2C02B5FD0CA00AA7545 /* Debug */ = {
			isa = XCBuildConfiguration;
			buildSettings = {
				ASSETCATALOG_COMPILER_APPICON_NAME = AppIcon;
				ASSETCATALOG_COMPILER_GLOBAL_ACCENT_COLOR_NAME = AccentColor;
				CODE_SIGN_STYLE = Automatic;
				CURRENT_PROJECT_VERSION = 1;
				DEVELOPMENT_ASSET_PATHS = "\"Playground/Preview Content\"";
				DEVELOPMENT_TEAM = 7PL3GNXND7;
				ENABLE_PREVIEWS = YES;
				GENERATE_INFOPLIST_FILE = YES;
				INFOPLIST_KEY_UIApplicationSceneManifest_Generation = YES;
				INFOPLIST_KEY_UIApplicationSupportsIndirectInputEvents = YES;
				INFOPLIST_KEY_UILaunchScreen_Generation = YES;
				INFOPLIST_KEY_UISupportedInterfaceOrientations_iPad = "UIInterfaceOrientationPortrait UIInterfaceOrientationPortraitUpsideDown UIInterfaceOrientationLandscapeLeft UIInterfaceOrientationLandscapeRight";
				INFOPLIST_KEY_UISupportedInterfaceOrientations_iPhone = "UIInterfaceOrientationPortrait UIInterfaceOrientationLandscapeLeft UIInterfaceOrientationLandscapeRight";
				LD_RUNPATH_SEARCH_PATHS = (
					"$(inherited)",
					"@executable_path/Frameworks",
				);
				MARKETING_VERSION = 1.0;
				PRODUCT_BUNDLE_IDENTIFIER = baihong.bao.Playground;
				PRODUCT_NAME = "$(TARGET_NAME)";
				SWIFT_EMIT_LOC_STRINGS = YES;
				SWIFT_VERSION = 5.0;
				TARGETED_DEVICE_FAMILY = "1,2";
			};
			name = Debug;
		};
		3348A2C12B5FD0CA00AA7545 /* Release */ = {
			isa = XCBuildConfiguration;
			buildSettings = {
				ASSETCATALOG_COMPILER_APPICON_NAME = AppIcon;
				ASSETCATALOG_COMPILER_GLOBAL_ACCENT_COLOR_NAME = AccentColor;
				CODE_SIGN_STYLE = Automatic;
				CURRENT_PROJECT_VERSION = 1;
				DEVELOPMENT_ASSET_PATHS = "\"Playground/Preview Content\"";
				DEVELOPMENT_TEAM = 7PL3GNXND7;
				ENABLE_PREVIEWS = YES;
				GENERATE_INFOPLIST_FILE = YES;
				INFOPLIST_KEY_UIApplicationSceneManifest_Generation = YES;
				INFOPLIST_KEY_UIApplicationSupportsIndirectInputEvents = YES;
				INFOPLIST_KEY_UILaunchScreen_Generation = YES;
				INFOPLIST_KEY_UISupportedInterfaceOrientations_iPad = "UIInterfaceOrientationPortrait UIInterfaceOrientationPortraitUpsideDown UIInterfaceOrientationLandscapeLeft UIInterfaceOrientationLandscapeRight";
				INFOPLIST_KEY_UISupportedInterfaceOrientations_iPhone = "UIInterfaceOrientationPortrait UIInterfaceOrientationLandscapeLeft UIInterfaceOrientationLandscapeRight";
				LD_RUNPATH_SEARCH_PATHS = (
					"$(inherited)",
					"@executable_path/Frameworks",
				);
				MARKETING_VERSION = 1.0;
				PRODUCT_BUNDLE_IDENTIFIER = baihong.bao.Playground;
				PRODUCT_NAME = "$(TARGET_NAME)";
				SWIFT_EMIT_LOC_STRINGS = YES;
				SWIFT_VERSION = 5.0;
				TARGETED_DEVICE_FAMILY = "1,2";
			};
			name = Release;
		};
/* End XCBuildConfiguration section */

/* Begin XCConfigurationList section */
		3348A2AC2B5FD0C900AA7545 /* Build configuration list for PBXProject "Playground" */ = {
			isa = XCConfigurationList;
			buildConfigurations = (
				3348A2BD2B5FD0CA00AA7545 /* Debug */,
				3348A2BE2B5FD0CA00AA7545 /* Release */,
			);
			defaultConfigurationIsVisible = 0;
			defaultConfigurationName = Release;
		};
		3348A2BF2B5FD0CA00AA7545 /* Build configuration list for PBXNativeTarget "Playground" */ = {
			isa = XCConfigurationList;
			buildConfigurations = (
				3348A2C02B5FD0CA00AA7545 /* Debug */,
				3348A2C12B5FD0CA00AA7545 /* Release */,
			);
			defaultConfigurationIsVisible = 0;
			defaultConfigurationName = Release;
		};
/* End XCConfigurationList section */
	};
	rootObject = 3348A2A92B5FD0C900AA7545 /* Project object */;
}
